{
  "originHash" : "0fdc4a6039be9fd427f543b551c7891891c144182438c847f7bccf3f2a6d7f0a",
  "pins" : [
    {
      "identity" : "swift-cmark",
      "kind" : "remoteSourceControl",
      "location" : "https://github.com/swiftlang/swift-cmark.git",
      "state" : {
        "revision" : "924936d0427cb25a61169739a7660230bffa6ea6",
        "version" : "0.8.0"
      }
    },
    {
      "identity" : "swift-markdown",
      "kind" : "remoteSourceControl",
      "location" : "https://github.com/swiftlang/swift-markdown.git",
      "state" : {
        "revision" : "3c6f9523da3a1ec2fd829673e472d95b8097a3b8",
        "version" : "0.8.0"
      }
    },
    {
      "identity" : "swift-tree-sitter",
      "kind" : "remoteSourceControl",
      "location" : "https://github.com/tree-sitter/swift-tree-sitter.git",
      "state" : {
        "revision" : "f97df585296977d8fcaf644cbde567151d1367b8",
        "version" : "0.10.0"
      }
    },
    {
      "identity" : "tree-sitter",
      "kind" : "remoteSourceControl",
      "location" : "https://github.com/tree-sitter/tree-sitter",
      "state" : {
        "revision" : "da6fe9beb4f7f67beb75914ca8e0d48ae48d6406",
        "version" : "0.25.10"
      }
    },
    {
      "identity" : "tree-sitter-bash",
      "kind" : "remoteSourceControl",
      "location" : "https://github.com/tree-sitter/tree-sitter-bash.git",
      "state" : {
        "revision" : "a06c2e4415e9bc0346c6b86d401879ffb44058f7",
        "version" : "0.25.1"
      }
    },
    {
      "identity" : "tree-sitter-c",
      "kind" : "remoteSourceControl",
      "location" : "https://github.com/tree-sitter/tree-sitter-c.git",
      "state" : {
        "revision" : "b780e47fc780ddc8da13afa35a3f4ed5c157823d",
        "version" : "0.24.2"
      }
    },
    {
      "identity" : "tree-sitter-cpp",
      "kind" : "remoteSourceControl",
      "location" : "https://github.com/tree-sitter/tree-sitter-cpp.git",
      "state" : {
        "revision" : "f41e1a044c8a84ea9fa8577fdd2eab92ec96de02",
        "version" : "0.23.4"
      }
    },
    {
      "identity" : "tree-sitter-css",
      "kind" : "remoteSourceControl",
      "location" : "https://github.com/tree-sitter/tree-sitter-css.git",
      "state" : {
        "revision" : "dda5cfc5722c429eaba1c910ca32c2c0c5bb1a3f",
        "version" : "0.25.0"
      }
    },
    {
      "identity" : "tree-sitter-diff",
      "kind" : "remoteSourceControl",
      "location" : "https://github.com/the-mikedavis/tree-sitter-diff.git",
      "state" : {
        "revision" : "2520c3f934b3179bb540d23e0ef45f75304b5fed",
        "version" : "0.1.0"
      }
    },
    {
      "identity" : "tree-sitter-dockerfile",
      "kind" : "remoteSourceControl",
      "location" : "https://github.com/camdencheek/tree-sitter-dockerfile.git",
      "state" : {
        "revision" : "868e44ce378deb68aac902a9db68ff82d2299dd0",
        "version" : "0.2.0"
      }
    },
    {
      "identity" : "tree-sitter-go",
      "kind" : "remoteSourceControl",
      "location" : "https://github.com/tree-sitter/tree-sitter-go.git",
      "state" : {
        "revision" : "1547678a9da59885853f5f5cc8a99cc203fa2e2c",
        "version" : "0.25.0"
      }
    },
    {
      "identity" : "tree-sitter-html",
      "kind" : "remoteSourceControl",
      "location" : "https://github.com/tree-sitter/tree-sitter-html.git",
      "state" : {
        "revision" : "5a5ca8551a179998360b4a4ca2c0f366a35acc03",
        "version" : "0.23.2"
      }
    },
    {
      "identity" : "tree-sitter-java",
      "kind" : "remoteSourceControl",
      "location" : "https://github.com/tree-sitter/tree-sitter-java.git",
      "state" : {
        "revision" : "94703d5a6bed02b98e438d7cad1136c01a60ba2c",
        "version" : "0.23.5"
      }
    },
    {
      "identity" : "tree-sitter-javascript",
      "kind" : "remoteSourceControl",
      "location" : "https://github.com/tree-sitter/tree-sitter-javascript.git",
      "state" : {
        "revision" : "3a837b6f3658ca3618f2022f8707e29739c91364",
        "version" : "0.23.1"
      }
    },
    {
      "identity" : "tree-sitter-json",
      "kind" : "remoteSourceControl",
      "location" : "https://github.com/tree-sitter/tree-sitter-json.git",
      "state" : {
        "revision" : "ee35a6ebefcef0c5c416c0d1ccec7370cfca5a24",
        "version" : "0.24.8"
      }
    },
    {
      "identity" : "tree-sitter-kotlin",
      "kind" : "remoteSourceControl",
      "location" : "https://github.com/tree-sitter-grammars/tree-sitter-kotlin.git",
      "state" : {
        "revision" : "77dd60ea0a9003ce062c9728a513ffe1aaff8c82",
        "version" : "1.1.0"
      }
    },
    {
      "identity" : "tree-sitter-markdown",
      "kind" : "remoteSourceControl",
      "location" : "https://github.com/MDeiml/tree-sitter-markdown.git",
      "state" : {
        "revision" : "f969cd3ae3f9fbd4e43205431d0ae286014c05b5",
        "version" : "0.5.3"
      }
    },
    {
      "identity" : "tree-sitter-objc",
      "kind" : "remoteSourceControl",
      "location" : "https://github.com/tree-sitter-grammars/tree-sitter-objc.git",
      "state" : {
        "revision" : "18802acf31d0b5c1c1d50bdbc9eb0e1636cab9ed",
        "version" : "3.0.2"
      }
    },
    {
      "identity" : "tree-sitter-python",
      "kind" : "remoteSourceControl",
      "location" : "https://github.com/tree-sitter/tree-sitter-python.git",
      "state" : {
        "revision" : "bffb65a8cfe4e46290331dfef0dbf0ef3679de11",
        "version" : "0.23.6"
      }
    },
    {
      "identity" : "tree-sitter-rust",
      "kind" : "remoteSourceControl",
      "location" : "https://github.com/tree-sitter/tree-sitter-rust.git",
      "state" : {
        "revision" : "77a3747266f4d621d0757825e6b11edcbf991ca5",
        "version" : "0.24.2"
      }
    },
    {
      "identity" : "tree-sitter-sql-bigquery",
      "kind" : "remoteSourceControl",
      "location" : "https://github.com/takegue/tree-sitter-sql-bigquery.git",
      "state" : {
        "revision" : "eb53d2486b353f8a3d5f69833b2ae749b4862ba5",
        "version" : "0.8.0"
      }
    },
    {
      "identity" : "tree-sitter-swift",
      "kind" : "remoteSourceControl",
      "location" : "https://github.com/alex-pinkus/tree-sitter-swift.git",
      "state" : {
        "revision" : "31d17fe7e818a2048c808b5c6fdc2dc792f4f5b5"
      }
    },
    {
      "identity" : "tree-sitter-toml",
      "kind" : "remoteSourceControl",
      "location" : "https://github.com/tree-sitter-grammars/tree-sitter-toml.git",
      "state" : {
        "revision" : "64b56832c2cffe41758f28e05c756a3a98d16f41",
        "version" : "0.7.0"
      }
    },
    {
      "identity" : "tree-sitter-typescript",
      "kind" : "remoteSourceControl",
      "location" : "https://github.com/tree-sitter/tree-sitter-typescript.git",
      "state" : {
        "revision" : "f975a621f4e7f532fe322e13c4f79495e0a7b2e7",
        "version" : "0.23.2"
      }
    },
    {
      "identity" : "tree-sitter-xml",
      "kind" : "remoteSourceControl",
      "location" : "https://github.com/tree-sitter-grammars/tree-sitter-xml.git",
      "state" : {
        "revision" : "4b64dd3a03ec002258d6268d712fd93716d6ab57",
        "version" : "0.7.0"
      }
    },
    {
      "identity" : "tree-sitter-yaml",
      "kind" : "remoteSourceControl",
      "location" : "https://github.com/mattmassicotte/tree-sitter-yaml.git",
      "state" : {
        "revision" : "bd633dc67bd71934961610ca8bd832bf2153883e"
      }
    }
  ],
  "version" : 3
}
